// !$*UTF8*$!
{
	archiveVersion = 1;
	classes = {
	};
	objectVersion = 50;
	objects = {

/* Begin PBXBuildFile section */
		0E1CC74323B4D165008A9C8A /* View+TrackableScrollView.swift in Sources */ = {isa = PBXBuildFile; fileRef = 0E1CC74223B4D165008A9C8A /* View+TrackableScrollView.swift */; };
		0E1CC74723B4D2DC008A9C8A /* CGFloat+TrackableScrollView..swift in Sources */ = {isa = PBXBuildFile; fileRef = 0E1CC74623B4D2DC008A9C8A /* CGFloat+TrackableScrollView..swift */; };
		0EC2087423B4020B006C03E8 /* AppDelegate.swift in Sources */ = {isa = PBXBuildFile; fileRef = 0EC2087323B4020B006C03E8 /* AppDelegate.swift */; };
		0EC2087623B4020B006C03E8 /* SceneDelegate.swift in Sources */ = {isa = PBXBuildFile; fileRef = 0EC2087523B4020B006C03E8 /* SceneDelegate.swift */; };
		0EC2087823B4020B006C03E8 /* DemoView.swift in Sources */ = {isa = PBXBuildFile; fileRef = 0EC2087723B4020B006C03E8 /* DemoView.swift */; };
		0EC2087A23B40211006C03E8 /* Assets.xcassets in Resources */ = {isa = PBXBuildFile; fileRef = 0EC2087923B40211006C03E8 /* Assets.xcassets */; };
		0EC2087D23B40211006C03E8 /* Preview Assets.xcassets in Resources */ = {isa = PBXBuildFile; fileRef = 0EC2087C23B40211006C03E8 /* Preview Assets.xcassets */; };
		0EC2088023B40211006C03E8 /* LaunchScreen.storyboard in Resources */ = {isa = PBXBuildFile; fileRef = 0EC2087E23B40211006C03E8 /* LaunchScreen.storyboard */; };
		0EC2088B23B40211006C03E8 /* TrackableScrollViewTests.swift in Sources */ = {isa = PBXBuildFile; fileRef = 0EC2088A23B40211006C03E8 /* TrackableScrollViewTests.swift */; };
		0EC2089623B40211006C03E8 /* TrackableScrollViewUITests.swift in Sources */ = {isa = PBXBuildFile; fileRef = 0EC2089523B40211006C03E8 /* TrackableScrollViewUITests.swift */; };
		B73C8E1E254B564D0032538F /* TrackableScrollView.swift in Sources */ = {isa = PBXBuildFile; fileRef = B73C8E1C254B564D0032538F /* TrackableScrollView.swift */; };
		B73C8E1F254B564D0032538F /* ScrollOffsetPreferenceKey.swift in Sources */ = {isa = PBXBuildFile; fileRef = B73C8E1D254B564D0032538F /* ScrollOffsetPreferenceKey.swift */; };
/* End PBXBuildFile section */

/* Begin PBXContainerItemProxy section */
		0EC2088723B40211006C03E8 /* PBXContainerItemProxy */ = {
			isa = PBXContainerItemProxy;
			containerPortal = 0EC2086823B4020B006C03E8 /* Project object */;
			proxyType = 1;
			remoteGlobalIDString = 0EC2086F23B4020B006C03E8;
			remoteInfo = TrackableScrollView;
		};
		0EC2089223B40211006C03E8 /* PBXContainerItemProxy */ = {
			isa = PBXContainerItemProxy;
			containerPortal = 0EC2086823B4020B006C03E8 /* Project object */;
			proxyType = 1;
			remoteGlobalIDString = 0EC2086F23B4020B006C03E8;
			remoteInfo = TrackableScrollView;
		};
/* End PBXContainerItemProxy section */

/* Begin PBXFileReference section */
		0E1CC74223B4D165008A9C8A /* View+TrackableScrollView.swift */ = {isa = PBXFileReference; lastKnownFileType = sourcecode.swift; path = "View+TrackableScrollView.swift"; sourceTree = "<group>"; };
		0E1CC74623B4D2DC008A9C8A /* CGFloat+TrackableScrollView..swift */ = {isa = PBXFileReference; lastKnownFileType = sourcecode.swift; path = "CGFloat+TrackableScrollView..swift"; sourceTree = "<group>"; };
		0EC2087023B4020B006C03E8 /* TrackableScrollView.app */ = {isa = PBXFileReference; explicitFileType = wrapper.application; includeInIndex = 0; path = TrackableScrollView.app; sourceTree = BUILT_PRODUCTS_DIR; };
		0EC2087323B4020B006C03E8 /* AppDelegate.swift */ = {isa = PBXFileReference; lastKnownFileType = sourcecode.swift; path = AppDelegate.swift; sourceTree = "<group>"; };
		0EC2087523B4020B006C03E8 /* SceneDelegate.swift */ = {isa = PBXFileReference; lastKnownFileType = sourcecode.swift; path = SceneDelegate.swift; sourceTree = "<group>"; };
		0EC2087723B4020B006C03E8 /* DemoView.swift */ = {isa = PBXFileReference; lastKnownFileType = sourcecode.swift; path = DemoView.swift; sourceTree = "<group>"; };
		0EC2087923B40211006C03E8 /* Assets.xcassets */ = {isa = PBXFileReference; lastKnownFileType = folder.assetcatalog; path = Assets.xcassets; sourceTree = "<group>"; };
		0EC2087C23B40211006C03E8 /* Preview Assets.xcassets */ = {isa = PBXFileReference; lastKnownFileType = folder.assetcatalog; path = "Preview Assets.xcassets"; sourceTree = "<group>"; };
		0EC2087F23B40211006C03E8 /* Base */ = {isa = PBXFileReference; lastKnownFileType = file.storyboard; name = Base; path = Base.lproj/LaunchScreen.storyboard; sourceTree = "<group>"; };
		0EC2088123B40211006C03E8 /* Info.plist */ = {isa = PBXFileReference; lastKnownFileType = text.plist.xml; path = Info.plist; sourceTree = "<group>"; };
		0EC2088623B40211006C03E8 /* TrackableScrollViewTests.xctest */ = {isa = PBXFileReference; explicitFileType = wrapper.cfbundle; includeInIndex = 0; path = TrackableScrollViewTests.xctest; sourceTree = BUILT_PRODUCTS_DIR; };
		0EC2088A23B40211006C03E8 /* TrackableScrollViewTests.swift */ = {isa = PBXFileReference; lastKnownFileType = sourcecode.swift; path = TrackableScrollViewTests.swift; sourceTree = "<group>"; };
		0EC2088C23B40211006C03E8 /* Info.plist */ = {isa = PBXFileReference; lastKnownFileType = text.plist.xml; path = Info.plist; sourceTree = "<group>"; };
		0EC2089123B40211006C03E8 /* TrackableScrollViewUITests.xctest */ = {isa = PBXFileReference; explicitFileType = wrapper.cfbundle; includeInIndex = 0; path = TrackableScrollViewUITests.xctest; sourceTree = BUILT_PRODUCTS_DIR; };
		0EC2089523B40211006C03E8 /* TrackableScrollViewUITests.swift */ = {isa = PBXFileReference; lastKnownFileType = sourcecode.swift; path = TrackableScrollViewUITests.swift; sourceTree = "<group>"; };
		0EC2089723B40211006C03E8 /* Info.plist */ = {isa = PBXFileReference; lastKnownFileType = text.plist.xml; path = Info.plist; sourceTree = "<group>"; };
		B73C8E1C254B564D0032538F /* TrackableScrollView.swift */ = {isa = PBXFileReference; fileEncoding = 4; lastKnownFileType = sourcecode.swift; path = TrackableScrollView.swift; sourceTree = "<group>"; };
		B73C8E1D254B564D0032538F /* ScrollOffsetPreferenceKey.swift */ = {isa = PBXFileReference; fileEncoding = 4; lastKnownFileType = sourcecode.swift; path = ScrollOffsetPreferenceKey.swift; sourceTree = "<group>"; };
/* End PBXFileReference section */

/* Begin PBXFrameworksBuildPhase section */
		0EC2086D23B4020B006C03E8 /* Frameworks */ = {
			isa = PBXFrameworksBuildPhase;
			buildActionMask = 2147483647;
			files = (
			);
			runOnlyForDeploymentPostprocessing = 0;
		};
		0EC2088323B40211006C03E8 /* Frameworks */ = {
			isa = PBXFrameworksBuildPhase;
			buildActionMask = 2147483647;
			files = (
			);
			runOnlyForDeploymentPostprocessing = 0;
		};
		0EC2088E23B40211006C03E8 /* Frameworks */ = {
			isa = PBXFrameworksBuildPhase;
			buildActionMask = 2147483647;
			files = (
			);
			runOnlyForDeploymentPostprocessing = 0;
		};
/* End PBXFrameworksBuildPhase section */

/* Begin PBXGroup section */
		0EC2086723B4020B006C03E8 = {
			isa = PBXGroup;
			children = (
				0EC2087223B4020B006C03E8 /* TrackableScrollView */,
				0EC2088923B40211006C03E8 /* TrackableScrollViewTests */,
				0EC2089423B40211006C03E8 /* TrackableScrollViewUITests */,
				0EC2087123B4020B006C03E8 /* Products */,
			);
			sourceTree = "<group>";
		};
		0EC2087123B4020B006C03E8 /* Products */ = {
			isa = PBXGroup;
			children = (
				0EC2087023B4020B006C03E8 /* TrackableScrollView.app */,
				0EC2088623B40211006C03E8 /* TrackableScrollViewTests.xctest */,
				0EC2089123B40211006C03E8 /* TrackableScrollViewUITests.xctest */,
			);
			name = Products;
			sourceTree = "<group>";
		};
		0EC2087223B4020B006C03E8 /* TrackableScrollView */ = {
			isa = PBXGroup;
			children = (
				0EC2087323B4020B006C03E8 /* AppDelegate.swift */,
				0EC2087523B4020B006C03E8 /* SceneDelegate.swift */,
				0EC2087723B4020B006C03E8 /* DemoView.swift */,
				0E1CC74223B4D165008A9C8A /* View+TrackableScrollView.swift */,
				0E1CC74623B4D2DC008A9C8A /* CGFloat+TrackableScrollView..swift */,
				B73C8E1B254B564D0032538F /* SwiftUITrackableScrollView */,
				0EC2087923B40211006C03E8 /* Assets.xcassets */,
				0EC2087E23B40211006C03E8 /* LaunchScreen.storyboard */,
				0EC2088123B40211006C03E8 /* Info.plist */,
				0EC2087B23B40211006C03E8 /* Preview Content */,
			);
			path = TrackableScrollView;
			sourceTree = "<group>";
		};
		0EC2087B23B40211006C03E8 /* Preview Content */ = {
			isa = PBXGroup;
			children = (
				0EC2087C23B40211006C03E8 /* Preview Assets.xcassets */,
			);
			path = "Preview Content";
			sourceTree = "<group>";
		};
		0EC2088923B40211006C03E8 /* TrackableScrollViewTests */ = {
			isa = PBXGroup;
			children = (
				0EC2088A23B40211006C03E8 /* TrackableScrollViewTests.swift */,
				0EC2088C23B40211006C03E8 /* Info.plist */,
			);
			path = TrackableScrollViewTests;
			sourceTree = "<group>";
		};
		0EC2089423B40211006C03E8 /* TrackableScrollViewUITests */ = {
			isa = PBXGroup;
			children = (
				0EC2089523B40211006C03E8 /* TrackableScrollViewUITests.swift */,
				0EC2089723B40211006C03E8 /* Info.plist */,
			);
			path = TrackableScrollViewUITests;
			sourceTree = "<group>";
		};
		B73C8E1B254B564D0032538F /* SwiftUITrackableScrollView */ = {
			isa = PBXGroup;
			children = (
				B73C8E1C254B564D0032538F /* TrackableScrollView.swift */,
				B73C8E1D254B564D0032538F /* ScrollOffsetPreferenceKey.swift */,
			);
			name = SwiftUITrackableScrollView;
			path = ../../Sources/SwiftUITrackableScrollView;
			sourceTree = "<group>";
		};
/* End PBXGroup section */

/* Begin PBXNativeTarget section */
		0EC2086F23B4020B006C03E8 /* TrackableScrollView */ = {
			isa = PBXNativeTarget;
			buildConfigurationList = 0EC2089A23B40211006C03E8 /* Build configuration list for PBXNativeTarget "TrackableScrollView" */;
			buildPhases = (
				0EC2086C23B4020B006C03E8 /* Sources */,
				0EC2086D23B4020B006C03E8 /* Frameworks */,
				0EC2086E23B4020B006C03E8 /* Resources */,
			);
			buildRules = (
			);
			dependencies = (
			);
			name = TrackableScrollView;
			productName = TrackableScrollView;
			productReference = 0EC2087023B4020B006C03E8 /* TrackableScrollView.app */;
			productType = "com.apple.product-type.application";
		};
		0EC2088523B40211006C03E8 /* TrackableScrollViewTests */ = {
			isa = PBXNativeTarget;
			buildConfigurationList = 0EC2089D23B40211006C03E8 /* Build configuration list for PBXNativeTarget "TrackableScrollViewTests" */;
			buildPhases = (
				0EC2088223B40211006C03E8 /* Sources */,
				0EC2088323B40211006C03E8 /* Frameworks */,
				0EC2088423B40211006C03E8 /* Resources */,
			);
			buildRules = (
			);
			dependencies = (
				0EC2088823B40211006C03E8 /* PBXTargetDependency */,
			);
			name = TrackableScrollViewTests;
			productName = TrackableScrollViewTests;
			productReference = 0EC2088623B40211006C03E8 /* TrackableScrollViewTests.xctest */;
			productType = "com.apple.product-type.bundle.unit-test";
		};
		0EC2089023B40211006C03E8 /* TrackableScrollViewUITests */ = {
			isa = PBXNativeTarget;
			buildConfigurationList = 0EC208A023B40211006C03E8 /* Build configuration list for PBXNativeTarget "TrackableScrollViewUITests" */;
			buildPhases = (
				0EC2088D23B40211006C03E8 /* Sources */,
				0EC2088E23B40211006C03E8 /* Frameworks */,
				0EC2088F23B40211006C03E8 /* Resources */,
			);
			buildRules = (
			);
			dependencies = (
				0EC2089323B40211006C03E8 /* PBXTargetDependency */,
			);
			name = TrackableScrollViewUITests;
			productName = TrackableScrollViewUITests;
			productReference = 0EC2089123B40211006C03E8 /* TrackableScrollViewUITests.xctest */;
			productType = "com.apple.product-type.bundle.ui-testing";
		};
/* End PBXNativeTarget section */

/* Begin PBXProject section */
		0EC2086823B4020B006C03E8 /* Project object */ = {
			isa = PBXProject;
			attributes = {
				LastSwiftUpdateCheck = 1130;
				LastUpgradeCheck = 1130;
				ORGANIZATIONNAME = "Natchanon A.";
				TargetAttributes = {
					0EC2086F23B4020B006C03E8 = {
						CreatedOnToolsVersion = 11.3;
					};
					0EC2088523B40211006C03E8 = {
						CreatedOnToolsVersion = 11.3;
						TestTargetID = 0EC2086F23B4020B006C03E8;
					};
					0EC2089023B40211006C03E8 = {
						CreatedOnToolsVersion = 11.3;
						TestTargetID = 0EC2086F23B4020B006C03E8;
					};
				};
			};
			buildConfigurationList = 0EC2086B23B4020B006C03E8 /* Build configuration list for PBXProject "TrackableScrollView" */;
			compatibilityVersion = "Xcode 9.3";
			developmentRegion = en;
			hasScannedForEncodings = 0;
			knownRegions = (
				en,
				Base,
			);
			mainGroup = 0EC2086723B4020B006C03E8;
			productRefGroup = 0EC2087123B4020B006C03E8 /* Products */;
			projectDirPath = "";
			projectRoot = "";
			targets = (
				0EC2086F23B4020B006C03E8 /* TrackableScrollView */,
				0EC2088523B40211006C03E8 /* TrackableScrollViewTests */,
				0EC2089023B40211006C03E8 /* TrackableScrollViewUITests */,
			);
		};
/* End PBXProject section */

/* Begin PBXResourcesBuildPhase section */
		0EC2086E23B4020B006C03E8 /* Resources */ = {
			isa = PBXResourcesBuildPhase;
			buildActionMask = 2147483647;
			files = (
				0EC2088023B40211006C03E8 /* LaunchScreen.storyboard in Resources */,
				0EC2087D23B40211006C03E8 /* Preview Assets.xcassets in Resources */,
				0EC2087A23B40211006C03E8 /* Assets.xcassets in Resources */,
			);
			runOnlyForDeploymentPostprocessing = 0;
		};
		0EC2088423B40211006C03E8 /* Resources */ = {
			isa = PBXResourcesBuildPhase;
			buildActionMask = 2147483647;
			files = (
			);
			runOnlyForDeploymentPostprocessing = 0;
		};
		0EC2088F23B40211006C03E8 /* Resources */ = {
			isa = PBXResourcesBuildPhase;
			buildActionMask = 2147483647;
			files = (
			);
			runOnlyForDeploymentPostprocessing = 0;
		};
/* End PBXResourcesBuildPhase section */

/* Begin PBXSourcesBuildPhase section */
		0EC2086C23B4020B006C03E8 /* Sources */ = {
			isa = PBXSourcesBuildPhase;
			buildActionMask = 2147483647;
			files = (
				0E1CC74323B4D165008A9C8A /* View+TrackableScrollView.swift in Sources */,
				0EC2087423B4020B006C03E8 /* AppDelegate.swift in Sources */,
				0EC2087623B4020B006C03E8 /* SceneDelegate.swift in Sources */,
				B73C8E1F254B564D0032538F /* ScrollOffsetPreferenceKey.swift in Sources */,
				B73C8E1E254B564D0032538F /* TrackableScrollView.swift in Sources */,
				0E1CC74723B4D2DC008A9C8A /* CGFloat+TrackableScrollView..swift in Sources */,
				0EC2087823B4020B006C03E8 /* DemoView.swift in Sources */,
			);
			runOnlyForDeploymentPostprocessing = 0;
		};
		0EC2088223B40211006C03E8 /* Sources */ = {
			isa = PBXSourcesBuildPhase;
			buildActionMask = 2147483647;
			files = (
				0EC2088B23B40211006C03E8 /* TrackableScrollViewTests.swift in Sources */,
			);
			runOnlyForDeploymentPostprocessing = 0;
		};
		0EC2088D23B40211006C03E8 /* Sources */ = {
			isa = PBXSourcesBuildPhase;
			buildActionMask = 2147483647;
			files = (
				0EC2089623B40211006C03E8 /* TrackableScrollViewUITests.swift in Sources */,
			);
			runOnlyForDeploymentPostprocessing = 0;
		};
/* End PBXSourcesBuildPhase section */

/* Begin PBXTargetDependency section */
		0EC2088823B40211006C03E8 /* PBXTargetDependency */ = {
			isa = PBXTargetDependency;
			target = 0EC2086F23B4020B006C03E8 /* TrackableScrollView */;
			targetProxy = 0EC2088723B40211006C03E8 /* PBXContainerItemProxy */;
		};
		0EC2089323B40211006C03E8 /* PBXTargetDependency */ = {
			isa = PBXTargetDependency;
			target = 0EC2086F23B4020B006C03E8 /* TrackableScrollView */;
			targetProxy = 0EC2089223B40211006C03E8 /* PBXContainerItemProxy */;
		};
/* End PBXTargetDependency section */

/* Begin PBXVariantGroup section */
		0EC2087E23B40211006C03E8 /* LaunchScreen.storyboard */ = {
			isa = PBXVariantGroup;
			children = (
				0EC2087F23B40211006C03E8 /* Base */,
			);
			name = LaunchScreen.storyboard;
			sourceTree = "<group>";
		};
/* End PBXVariantGroup section */

/* Begin XCBuildConfiguration section */
		0EC2089823B40211006C03E8 /* Debug */ = {
			isa = XCBuildConfiguration;
			buildSettings = {
				ALWAYS_SEARCH_USER_PATHS = NO;
				CLANG_ANALYZER_NONNULL = YES;
				CLANG_ANALYZER_NUMBER_OBJECT_CONVERSION = YES_AGGRESSIVE;
				CLANG_CXX_LANGUAGE_STANDARD = "gnu++14";
				CLANG_CXX_LIBRARY = "libc++";
				CLANG_ENABLE_MODULES = YES;
				CLANG_ENABLE_OBJC_ARC = YES;
				CLANG_ENABLE_OBJC_WEAK = YES;
				CLANG_WARN_BLOCK_CAPTURE_AUTORELEASING = YES;
				CLANG_WARN_BOOL_CONVERSION = YES;
				CLANG_WARN_COMMA = YES;
				CLANG_WARN_CONSTANT_CONVERSION = YES;
				CLANG_WARN_DEPRECATED_OBJC_IMPLEMENTATIONS = YES;
				CLANG_WARN_DIRECT_OBJC_ISA_USAGE = YES_ERROR;
				CLANG_WARN_DOCUMENTATION_COMMENTS = YES;
				CLANG_WARN_EMPTY_BODY = YES;
				CLANG_WARN_ENUM_CONVERSION = YES;
				CLANG_WARN_INFINITE_RECURSION = YES;
				CLANG_WARN_INT_CONVERSION = YES;
				CLANG_WARN_NON_LITERAL_NULL_CONVERSION = YES;
				CLANG_WARN_OBJC_IMPLICIT_RETAIN_SELF = YES;
				CLANG_WARN_OBJC_LITERAL_CONVERSION = YES;
				CLANG_WARN_OBJC_ROOT_CLASS = YES_ERROR;
				CLANG_WARN_RANGE_LOOP_ANALYSIS = YES;
				CLANG_WARN_STRICT_PROTOTYPES = YES;
				CLANG_WARN_SUSPICIOUS_MOVE = YES;
				CLANG_WARN_UNGUARDED_AVAILABILITY = YES_AGGRESSIVE;
				CLANG_WARN_UNREACHABLE_CODE = YES;
				CLANG_WARN__DUPLICATE_METHOD_MATCH = YES;
				COPY_PHASE_STRIP = NO;
				DEBUG_INFORMATION_FORMAT = dwarf;
				ENABLE_STRICT_OBJC_MSGSEND = YES;
				ENABLE_TESTABILITY = YES;
				GCC_C_LANGUAGE_STANDARD = gnu11;
				GCC_DYNAMIC_NO_PIC = NO;
				GCC_NO_COMMON_BLOCKS = YES;
				GCC_OPTIMIZATION_LEVEL = 0;
				GCC_PREPROCESSOR_DEFINITIONS = (
					"DEBUG=1",
					"$(inherited)",
				);
				GCC_WARN_64_TO_32_BIT_CONVERSION = YES;
				GCC_WARN_ABOUT_RETURN_TYPE = YES_ERROR;
				GCC_WARN_UNDECLARED_SELECTOR = YES;
				GCC_WARN_UNINITIALIZED_AUTOS = YES_AGGRESSIVE;
				GCC_WARN_UNUSED_FUNCTION = YES;
				GCC_WARN_UNUSED_VARIABLE = YES;
				IPHONEOS_DEPLOYMENT_TARGET = 13.2;
				MTL_ENABLE_DEBUG_INFO = INCLUDE_SOURCE;
				MTL_FAST_MATH = YES;
				ONLY_ACTIVE_ARCH = YES;
				SDKROOT = iphoneos;
				SWIFT_ACTIVE_COMPILATION_CONDITIONS = DEBUG;
				SWIFT_OPTIMIZATION_LEVEL = "-Onone";
			};
			name = Debug;
		};
		0EC2089923B40211006C03E8 /* Release */ = {
			isa = XCBuildConfiguration;
			buildSettings = {
				ALWAYS_SEARCH_USER_PATHS = NO;
				CLANG_ANALYZER_NONNULL = YES;
				CLANG_ANALYZER_NUMBER_OBJECT_CONVERSION = YES_AGGRESSIVE;
				CLANG_CXX_LANGUAGE_STANDARD = "gnu++14";
				CLANG_CXX_LIBRARY = "libc++";
				CLANG_ENABLE_MODULES = YES;
				CLANG_ENABLE_OBJC_ARC = YES;
				CLANG_ENABLE_OBJC_WEAK = YES;
				CLANG_WARN_BLOCK_CAPTURE_AUTORELEASING = YES;
				CLANG_WARN_BOOL_CONVERSION = YES;
				CLANG_WARN_COMMA = YES;
				CLANG_WARN_CONSTANT_CONVERSION = YES;
				CLANG_WARN_DEPRECATED_OBJC_IMPLEMENTATIONS = YES;
				CLANG_WARN_DIRECT_OBJC_ISA_USAGE = YES_ERROR;
				CLANG_WARN_DOCUMENTATION_COMMENTS = YES;
				CLANG_WARN_EMPTY_BODY = YES;
				CLANG_WARN_ENUM_CONVERSION = YES;
				CLANG_WARN_INFINITE_RECURSION = YES;
				CLANG_WARN_INT_CONVERSION = YES;
				CLANG_WARN_NON_LITERAL_NULL_CONVERSION = YES;
				CLANG_WARN_OBJC_IMPLICIT_RETAIN_SELF = YES;
				CLANG_WARN_OBJC_LITERAL_CONVERSION = YES;
				CLANG_WARN_OBJC_ROOT_CLASS = YES_ERROR;
				CLANG_WARN_RANGE_LOOP_ANALYSIS = YES;
				CLANG_WARN_STRICT_PROTOTYPES = YES;
				CLANG_WARN_SUSPICIOUS_MOVE = YES;
				CLANG_WARN_UNGUARDED_AVAILABILITY = YES_AGGRESSIVE;
				CLANG_WARN_UNREACHABLE_CODE = YES;
				CLANG_WARN__DUPLICATE_METHOD_MATCH = YES;
				COPY_PHASE_STRIP = NO;
				DEBUG_INFORMATION_FORMAT = "dwarf-with-dsym";
				ENABLE_NS_ASSERTIONS = NO;
				ENABLE_STRICT_OBJC_MSGSEND = YES;
				GCC_C_LANGUAGE_STANDARD = gnu11;
				GCC_NO_COMMON_BLOCKS = YES;
				GCC_WARN_64_TO_32_BIT_CONVERSION = YES;
				GCC_WARN_ABOUT_RETURN_TYPE = YES_ERROR;
				GCC_WARN_UNDECLARED_SELECTOR = YES;
				GCC_WARN_UNINITIALIZED_AUTOS = YES_AGGRESSIVE;
				GCC_WARN_UNUSED_FUNCTION = YES;
				GCC_WARN_UNUSED_VARIABLE = YES;
				IPHONEOS_DEPLOYMENT_TARGET = 13.2;
				MTL_ENABLE_DEBUG_INFO = NO;
				MTL_FAST_MATH = YES;
				SDKROOT = iphoneos;
				SWIFT_COMPILATION_MODE = wholemodule;
				SWIFT_OPTIMIZATION_LEVEL = "-O";
				VALIDATE_PRODUCT = YES;
			};
			name = Release;
		};
		0EC2089B23B40211006C03E8 /* Debug */ = {
			isa = XCBuildConfiguration;
			buildSettings = {
				ASSETCATALOG_COMPILER_APPICON_NAME = AppIcon;
				CODE_SIGN_STYLE = Automatic;
				DEVELOPMENT_ASSET_PATHS = "\"TrackableScrollView/Preview Content\"";
				DEVELOPMENT_TEAM = S77U83ZW64;
				ENABLE_PREVIEWS = YES;
				INFOPLIST_FILE = TrackableScrollView/Info.plist;
				IPHONEOS_DEPLOYMENT_TARGET = 13.2;
				LD_RUNPATH_SEARCH_PATHS = (
					"$(inherited)",
					"@executable_path/Frameworks",
				);
				PRODUCT_BUNDLE_IDENTIFIER = com.natchanona.TrackableScrollView;
				PRODUCT_NAME = "$(TARGET_NAME)";
				SWIFT_VERSION = 5.0;
				TARGETED_DEVICE_FAMILY = "1,2";
			};
			name = Debug;
		};
		0EC2089C23B40211006C03E8 /* Release */ = {
			isa = XCBuildConfiguration;
			buildSettings = {
				ASSETCATALOG_COMPILER_APPICON_NAME = AppIcon;
				CODE_SIGN_STYLE = Automatic;
				DEVELOPMENT_ASSET_PATHS = "\"TrackableScrollView/Preview Content\"";
				DEVELOPMENT_TEAM = S77U83ZW64;
				ENABLE_PREVIEWS = YES;
				INFOPLIST_FILE = TrackableScrollView/Info.plist;
				IPHONEOS_DEPLOYMENT_TARGET = 13.2;
				LD_RUNPATH_SEARCH_PATHS = (
					"$(inherited)",
					"@executable_path/Frameworks",
				);
				PRODUCT_BUNDLE_IDENTIFIER = com.natchanona.TrackableScrollView;
				PRODUCT_NAME = "$(TARGET_NAME)";
				SWIFT_VERSION = 5.0;
				TARGETED_DEVICE_FAMILY = "1,2";
			};
			name = Release;
		};
		0EC2089E23B40211006C03E8 /* Debug */ = {
			isa = XCBuildConfiguration;
			buildSettings = {
				ALWAYS_EMBED_SWIFT_STANDARD_LIBRARIES = YES;
				BUNDLE_LOADER = "$(TEST_HOST)";
				CODE_SIGN_STYLE = Automatic;
				DEVELOPMENT_TEAM = S77U83ZW64;
				INFOPLIST_FILE = TrackableScrollViewTests/Info.plist;
				IPHONEOS_DEPLOYMENT_TARGET = 13.2;
				LD_RUNPATH_SEARCH_PATHS = (
					"$(inherited)",
					"@executable_path/Frameworks",
					"@loader_path/Frameworks",
				);
				PRODUCT_BUNDLE_IDENTIFIER = com.natchanona.TrackableScrollViewTests;
				PRODUCT_NAME = "$(TARGET_NAME)";
				SWIFT_VERSION = 5.0;
				TARGETED_DEVICE_FAMILY = "1,2";
				TEST_HOST = "$(BUILT_PRODUCTS_DIR)/TrackableScrollView.app/TrackableScrollView";
			};
			name = Debug;
		};
		0EC2089F23B40211006C03E8 /* Release */ = {
			isa = XCBuildConfiguration;
			buildSettings = {
				ALWAYS_EMBED_SWIFT_STANDARD_LIBRARIES = YES;
				BUNDLE_LOADER = "$(TEST_HOST)";
				CODE_SIGN_STYLE = Automatic;
				DEVELOPMENT_TEAM = S77U83ZW64;
				INFOPLIST_FILE = TrackableScrollViewTests/Info.plist;
				IPHONEOS_DEPLOYMENT_TARGET = 13.2;
				LD_RUNPATH_SEARCH_PATHS = (
					"$(inherited)",
					"@executable_path/Frameworks",
					"@loader_path/Frameworks",
				);
				PRODUCT_BUNDLE_IDENTIFIER = com.natchanona.TrackableScrollViewTests;
				PRODUCT_NAME = "$(TARGET_NAME)";
				SWIFT_VERSION = 5.0;
				TARGETED_DEVICE_FAMILY = "1,2";
				TEST_HOST = "$(BUILT_PRODUCTS_DIR)/TrackableScrollView.app/TrackableScrollView";
			};
			name = Release;
		};
		0EC208A123B40211006C03E8 /* Debug */ = {
			isa = XCBuildConfiguration;
			buildSettings = {
				ALWAYS_EMBED_SWIFT_STANDARD_LIBRARIES = YES;
				CODE_SIGN_STYLE = Automatic;
				DEVELOPMENT_TEAM = S77U83ZW64;
				INFOPLIST_FILE = TrackableScrollViewUITests/Info.plist;
				LD_RUNPATH_SEARCH_PATHS = (
					"$(inherited)",
					"@executable_path/Frameworks",
					"@loader_path/Frameworks",
				);
				PRODUCT_BUNDLE_IDENTIFIER = com.natchanona.TrackableScrollViewUITests;
				PRODUCT_NAME = "$(TARGET_NAME)";
				SWIFT_VERSION = 5.0;
				TARGETED_DEVICE_FAMILY = "1,2";
				TEST_TARGET_NAME = TrackableScrollView;
			};
			name = Debug;
		};
		0EC208A223B40211006C03E8 /* Release */ = {
			isa = XCBuildConfiguration;
			buildSettings = {
				ALWAYS_EMBED_SWIFT_STANDARD_LIBRARIES = YES;
				CODE_SIGN_STYLE = Automatic;
				DEVELOPMENT_TEAM = S77U83ZW64;
				INFOPLIST_FILE = TrackableScrollViewUITests/Info.plist;
				LD_RUNPATH_SEARCH_PATHS = (
					"$(inherited)",
					"@executable_path/Frameworks",
					"@loader_path/Frameworks",
				);
				PRODUCT_BUNDLE_IDENTIFIER = com.natchanona.TrackableScrollViewUITests;
				PRODUCT_NAME = "$(TARGET_NAME)";
				SWIFT_VERSION = 5.0;
				TARGETED_DEVICE_FAMILY = "1,2";
				TEST_TARGET_NAME = TrackableScrollView;
			};
			name = Release;
		};
/* End XCBuildConfiguration section */

/* Begin XCConfigurationList section */
		0EC2086B23B4020B006C03E8 /* Build configuration list for PBXProject "TrackableScrollView" */ = {
			isa = XCConfigurationList;
			buildConfigurations = (
				0EC2089823B40211006C03E8 /* Debug */,
				0EC2089923B40211006C03E8 /* Release */,
			);
			defaultConfigurationIsVisible = 0;
			defaultConfigurationName = Release;
		};
		0EC2089A23B40211006C03E8 /* Build configuration list for PBXNativeTarget "TrackableScrollView" */ = {
			isa = XCConfigurationList;
			buildConfigurations = (
				0EC2089B23B40211006C03E8 /* Debug */,
				0EC2089C23B40211006C03E8 /* Release */,
			);
			defaultConfigurationIsVisible = 0;
			defaultConfigurationName = Release;
		};
		0EC2089D23B40211006C03E8 /* Build configuration list for PBXNativeTarget "TrackableScrollViewTests" */ = {
			isa = XCConfigurationList;
			buildConfigurations = (
				0EC2089E23B40211006C03E8 /* Debug */,
				0EC2089F23B40211006C03E8 /* Release */,
			);
			defaultConfigurationIsVisible = 0;
			defaultConfigurationName = Release;
		};
		0EC208A023B40211006C03E8 /* Build configuration list for PBXNativeTarget "TrackableScrollViewUITests" */ = {
			isa = XCConfigurationList;
			buildConfigurations = (
				0EC208A123B40211006C03E8 /* Debug */,
				0EC208A223B40211006C03E8 /* Release */,
			);
			defaultConfigurationIsVisible = 0;
			defaultConfigurationName = Release;
		};
/* End XCConfigurationList section */
	};
	rootObject = 0EC2086823B4020B006C03E8 /* Project object */;
}
